
Microsoft Visual Studio Solution File, Format Version 12.00
# Visual Studio Version 16
VisualStudioVersion = 16.0.31005.135
MinimumVisualStudioVersion = 10.0.40219.1
Project("{FAE04EC0-301F-11D3-BF4B-00C04F79EFBC}") = "CasinoSim", "CasinoSim.csproj", "{BDAF01D9-B1CF-4C66-A887-F7D2A689DEFA}"
EndProject
Global
	GlobalSection(SolutionConfigurationPlatforms) = preSolution
		Debug|Any CPU = Debug|Any CPU
		Release|Any CPU = Release|Any CPU
	EndGlobalSection
	GlobalSection(ProjectConfigurationPlatforms) = postSolution
		{BDAF01D9-B1CF-4C66-A887-F7D2A689DEFA}.Debug|Any CPU.ActiveCfg = Debug|Any CPU
		{BDAF01D9-B1CF-4C66-A887-F7D2A689DEFA}.Debug|Any CPU.Build.0 = Debug|Any CPU
		{BDAF01D9-B1CF-4C66-A887-F7D2A689DEFA}.Release|Any CPU.ActiveCfg = Release|Any CPU
		{BDAF01D9-B1CF-4C66-A887-F7D2A689DEFA}.Release|Any CPU.Build.0 = Release|Any CPU
	EndGlobalSection
	GlobalSection(SolutionProperties) = preSolution
		HideSolutionNode = FALSE
	EndGlobalSection
	GlobalSection(ExtensibilityGlobals) = postSolution
		SolutionGuid = {2C3A952C-CA4B-45D6-997A-D6DF65E99AB6}
	EndGlobalSection
EndGlobal
